
Microsoft Visual Studio Solution File, Format Version 12.00
# Visual Studio Version 17
VisualStudioVersion = 17.2.32317.152
MinimumVisualStudioVersion = 10.0.40219.1
Project("{2150E333-8FDC-42A3-9474-1A3956D46DE8}") = "src", "src", "{8F17C1D9-BAB4-42BF-AE0B-2FDE9A15F4F6}"
EndProject
Project("{FAE04EC0-301F-11D3-BF4B-00C04F79EFBC}") = "SqlServerAvailabilityReplicasEFCore.API", "src\SqlServerAvailabilityReplicasEFCore.API\SqlServerAvailabilityReplicasEFCore.API.csproj", "{83AD8E52-36FC-44D0-9120-9B3BA38D958B}"
EndProject
Global
	GlobalSection(SolutionConfigurationPlatforms) = preSolution
		Debug|Any CPU = Debug|Any CPU
		Release|Any CPU = Release|Any CPU
	EndGlobalSection
	GlobalSection(ProjectConfigurationPlatforms) = postSolution
		{83AD8E52-36FC-44D0-9120-9B3BA38D958B}.Debug|Any CPU.ActiveCfg = Debug|Any CPU
		{83AD8E52-36FC-44D0-9120-9B3BA38D958B}.Debug|Any CPU.Build.0 = Debug|Any CPU
		{83AD8E52-36FC-44D0-9120-9B3BA38D958B}.Release|Any CPU.ActiveCfg = Release|Any CPU
		{83AD8E52-36FC-44D0-9120-9B3BA38D958B}.Release|Any CPU.Build.0 = Release|Any CPU
	EndGlobalSection
	GlobalSection(SolutionProperties) = preSolution
		HideSolutionNode = FALSE
	EndGlobalSection
	GlobalSection(NestedProjects) = preSolution
		{83AD8E52-36FC-44D0-9120-9B3BA38D958B} = {8F17C1D9-BAB4-42BF-AE0B-2FDE9A15F4F6}
	EndGlobalSection
	GlobalSection(ExtensibilityGlobals) = postSolution
		SolutionGuid = {B81DC388-17C5-4DBA-AA6B-05C799779BB0}
	EndGlobalSection
EndGlobal
